// !$*UTF8*$!
{
	archiveVersion = 1;
	classes = {
	};
	objectVersion = 50;
	objects = {

/* Begin PBXBuildFile section */
		2D0D048123E00D5800A04F2C /* ListItem.swift in Sources */ = {isa = PBXBuildFile; fileRef = 2D0D048023E00D5800A04F2C /* ListItem.swift */; };
		2D14804E23D9538F00E80CAB /* CloudKit.framework in Frameworks */ = {isa = PBXBuildFile; fileRef = 2D14804D23D9538F00E80CAB /* CloudKit.framework */; };
		2D8B675A23D94122005F745C /* AppDelegate.swift in Sources */ = {isa = PBXBuildFile; fileRef = 2D8B675923D94122005F745C /* AppDelegate.swift */; };
		2D8B675C23D94122005F745C /* SceneDelegate.swift in Sources */ = {isa = PBXBuildFile; fileRef = 2D8B675B23D94122005F745C /* SceneDelegate.swift */; };
		2D8B675F23D94122005F745C /* My_Two_Stroke.xcdatamodeld in Sources */ = {isa = PBXBuildFile; fileRef = 2D8B675D23D94122005F745C /* My_Two_Stroke.xcdatamodeld */; };
		2D8B676323D94124005F745C /* Assets.xcassets in Resources */ = {isa = PBXBuildFile; fileRef = 2D8B676223D94124005F745C /* Assets.xcassets */; };
		2D8B676623D94124005F745C /* Preview Assets.xcassets in Resources */ = {isa = PBXBuildFile; fileRef = 2D8B676523D94124005F745C /* Preview Assets.xcassets */; };
		2D8B676923D94124005F745C /* LaunchScreen.storyboard in Resources */ = {isa = PBXBuildFile; fileRef = 2D8B676723D94124005F745C /* LaunchScreen.storyboard */; };
		2D8B677323D94330005F745C /* ContentView.swift in Sources */ = {isa = PBXBuildFile; fileRef = 2D8B677223D94330005F745C /* ContentView.swift */; };
/* End PBXBuildFile section */

/* Begin PBXFileReference section */
		2D0D048023E00D5800A04F2C /* ListItem.swift */ = {isa = PBXFileReference; lastKnownFileType = sourcecode.swift; path = ListItem.swift; sourceTree = "<group>"; };
		2D14804B23D9538800E80CAB /* My Two Stroke.entitlements */ = {isa = PBXFileReference; lastKnownFileType = text.plist.entitlements; path = "My Two Stroke.entitlements"; sourceTree = "<group>"; };
		2D14804D23D9538F00E80CAB /* CloudKit.framework */ = {isa = PBXFileReference; lastKnownFileType = wrapper.framework; name = CloudKit.framework; path = System/Library/Frameworks/CloudKit.framework; sourceTree = SDKROOT; };
		2D8B675623D94122005F745C /* My Two Stroke.app */ = {isa = PBXFileReference; explicitFileType = wrapper.application; includeInIndex = 0; path = "My Two Stroke.app"; sourceTree = BUILT_PRODUCTS_DIR; };
		2D8B675923D94122005F745C /* AppDelegate.swift */ = {isa = PBXFileReference; lastKnownFileType = sourcecode.swift; path = AppDelegate.swift; sourceTree = "<group>"; };
		2D8B675B23D94122005F745C /* SceneDelegate.swift */ = {isa = PBXFileReference; lastKnownFileType = sourcecode.swift; path = SceneDelegate.swift; sourceTree = "<group>"; };
		2D8B675E23D94122005F745C /* My_Two_Stroke.xcdatamodel */ = {isa = PBXFileReference; lastKnownFileType = wrapper.xcdatamodel; path = My_Two_Stroke.xcdatamodel; sourceTree = "<group>"; };
		2D8B676223D94124005F745C /* Assets.xcassets */ = {isa = PBXFileReference; lastKnownFileType = folder.assetcatalog; path = Assets.xcassets; sourceTree = "<group>"; };
		2D8B676523D94124005F745C /* Preview Assets.xcassets */ = {isa = PBXFileReference; lastKnownFileType = folder.assetcatalog; path = "Preview Assets.xcassets"; sourceTree = "<group>"; };
		2D8B676823D94124005F745C /* Base */ = {isa = PBXFileReference; lastKnownFileType = file.storyboard; name = Base; path = Base.lproj/LaunchScreen.storyboard; sourceTree = "<group>"; };
		2D8B676A23D94124005F745C /* Info.plist */ = {isa = PBXFileReference; lastKnownFileType = text.plist.xml; path = Info.plist; sourceTree = "<group>"; };
		2D8B677223D94330005F745C /* ContentView.swift */ = {isa = PBXFileReference; lastKnownFileType = sourcecode.swift; path = ContentView.swift; sourceTree = "<group>"; };
/* End PBXFileReference section */

/* Begin PBXFrameworksBuildPhase section */
		2D8B675323D94122005F745C /* Frameworks */ = {
			isa = PBXFrameworksBuildPhase;
			buildActionMask = 2147483647;
			files = (
				2D14804E23D9538F00E80CAB /* CloudKit.framework in Frameworks */,
			);
			runOnlyForDeploymentPostprocessing = 0;
		};
/* End PBXFrameworksBuildPhase section */

/* Begin PBXGroup section */
		2D14804C23D9538F00E80CAB /* Frameworks */ = {
			isa = PBXGroup;
			children = (
				2D14804D23D9538F00E80CAB /* CloudKit.framework */,
			);
			name = Frameworks;
			sourceTree = "<group>";
		};
		2D8B674D23D94122005F745C = {
			isa = PBXGroup;
			children = (
				2D8B675823D94122005F745C /* My Two Stroke */,
				2D8B675723D94122005F745C /* Products */,
				2D14804C23D9538F00E80CAB /* Frameworks */,
			);
			sourceTree = "<group>";
		};
		2D8B675723D94122005F745C /* Products */ = {
			isa = PBXGroup;
			children = (
				2D8B675623D94122005F745C /* My Two Stroke.app */,
			);
			name = Products;
			sourceTree = "<group>";
		};
		2D8B675823D94122005F745C /* My Two Stroke */ = {
			isa = PBXGroup;
			children = (
				2D8B675923D94122005F745C /* AppDelegate.swift */,
				2D8B675B23D94122005F745C /* SceneDelegate.swift */,
				2D8B677223D94330005F745C /* ContentView.swift */,
				2D0D048023E00D5800A04F2C /* ListItem.swift */,
				2D8B676223D94124005F745C /* Assets.xcassets */,
				2D8B676723D94124005F745C /* LaunchScreen.storyboard */,
				2D8B676A23D94124005F745C /* Info.plist */,
				2D14804B23D9538800E80CAB /* My Two Stroke.entitlements */,
				2D8B675D23D94122005F745C /* My_Two_Stroke.xcdatamodeld */,
				2D8B676423D94124005F745C /* Preview Content */,
			);
			path = "My Two Stroke";
			sourceTree = "<group>";
		};
		2D8B676423D94124005F745C /* Preview Content */ = {
			isa = PBXGroup;
			children = (
				2D8B676523D94124005F745C /* Preview Assets.xcassets */,
			);
			path = "Preview Content";
			sourceTree = "<group>";
		};
/* End PBXGroup section */

/* Begin PBXNativeTarget section */
		2D8B675523D94122005F745C /* My Two Stroke */ = {
			isa = PBXNativeTarget;
			buildConfigurationList = 2D8B676D23D94124005F745C /* Build configuration list for PBXNativeTarget "My Two Stroke" */;
			buildPhases = (
				2D8B675223D94122005F745C /* Sources */,
				2D8B675323D94122005F745C /* Frameworks */,
				2D8B675423D94122005F745C /* Resources */,
			);
			buildRules = (
			);
			dependencies = (
			);
			name = "My Two Stroke";
			productName = "My Two Stroke";
			productReference = 2D8B675623D94122005F745C /* My Two Stroke.app */;
			productType = "com.apple.product-type.application";
		};
/* End PBXNativeTarget section */

/* Begin PBXProject section */
		2D8B674E23D94122005F745C /* Project object */ = {
			isa = PBXProject;
			attributes = {
				LastSwiftUpdateCheck = 1130;
				LastUpgradeCheck = 1130;
				ORGANIZATIONNAME = "Craig  Karen Shine";
				TargetAttributes = {
					2D8B675523D94122005F745C = {
						CreatedOnToolsVersion = 11.3.1;
					};
				};
			};
			buildConfigurationList = 2D8B675123D94122005F745C /* Build configuration list for PBXProject "My Two Stroke" */;
			compatibilityVersion = "Xcode 9.3";
			developmentRegion = en;
			hasScannedForEncodings = 0;
			knownRegions = (
				en,
				Base,
			);
			mainGroup = 2D8B674D23D94122005F745C;
			productRefGroup = 2D8B675723D94122005F745C /* Products */;
			projectDirPath = "";
			projectRoot = "";
			targets = (
				2D8B675523D94122005F745C /* My Two Stroke */,
			);
		};
/* End PBXProject section */

/* Begin PBXResourcesBuildPhase section */
		2D8B675423D94122005F745C /* Resources */ = {
			isa = PBXResourcesBuildPhase;
			buildActionMask = 2147483647;
			files = (
				2D8B676923D94124005F745C /* LaunchScreen.storyboard in Resources */,
				2D8B676623D94124005F745C /* Preview Assets.xcassets in Resources */,
				2D8B676323D94124005F745C /* Assets.xcassets in Resources */,
			);
			runOnlyForDeploymentPostprocessing = 0;
		};
/* End PBXResourcesBuildPhase section */

/* Begin PBXSourcesBuildPhase section */
		2D8B675223D94122005F745C /* Sources */ = {
			isa = PBXSourcesBuildPhase;
			buildActionMask = 2147483647;
			files = (
				2D0D048123E00D5800A04F2C /* ListItem.swift in Sources */,
				2D8B675F23D94122005F745C /* My_Two_Stroke.xcdatamodeld in Sources */,
				2D8B677323D94330005F745C /* ContentView.swift in Sources */,
				2D8B675A23D94122005F745C /* AppDelegate.swift in Sources */,
				2D8B675C23D94122005F745C /* SceneDelegate.swift in Sources */,
			);
			runOnlyForDeploymentPostprocessing = 0;
		};
/* End PBXSourcesBuildPhase section */

/* Begin PBXVariantGroup section */
		2D8B676723D94124005F745C /* LaunchScreen.storyboard */ = {
			isa = PBXVariantGroup;
			children = (
				2D8B676823D94124005F745C /* Base */,
			);
			name = LaunchScreen.storyboard;
			sourceTree = "<group>";
		};
/* End PBXVariantGroup section */

/* Begin XCBuildConfiguration section */
		2D8B676B23D94124005F745C /* Debug */ = {
			isa = XCBuildConfiguration;
			buildSettings = {
				ALWAYS_SEARCH_USER_PATHS = NO;
				CLANG_ANALYZER_NONNULL = YES;
				CLANG_ANALYZER_NUMBER_OBJECT_CONVERSION = YES_AGGRESSIVE;
				CLANG_CXX_LANGUAGE_STANDARD = "gnu++14";
				CLANG_CXX_LIBRARY = "libc++";
				CLANG_ENABLE_MODULES = YES;
				CLANG_ENABLE_OBJC_ARC = YES;
				CLANG_ENABLE_OBJC_WEAK = YES;
				CLANG_WARN_BLOCK_CAPTURE_AUTORELEASING = YES;
				CLANG_WARN_BOOL_CONVERSION = YES;
				CLANG_WARN_COMMA = YES;
				CLANG_WARN_CONSTANT_CONVERSION = YES;
				CLANG_WARN_DEPRECATED_OBJC_IMPLEMENTATIONS = YES;
				CLANG_WARN_DIRECT_OBJC_ISA_USAGE = YES_ERROR;
				CLANG_WARN_DOCUMENTATION_COMMENTS = YES;
				CLANG_WARN_EMPTY_BODY = YES;
				CLANG_WARN_ENUM_CONVERSION = YES;
				CLANG_WARN_INFINITE_RECURSION = YES;
				CLANG_WARN_INT_CONVERSION = YES;
				CLANG_WARN_NON_LITERAL_NULL_CONVERSION = YES;
				CLANG_WARN_OBJC_IMPLICIT_RETAIN_SELF = YES;
				CLANG_WARN_OBJC_LITERAL_CONVERSION = YES;
				CLANG_WARN_OBJC_ROOT_CLASS = YES_ERROR;
				CLANG_WARN_RANGE_LOOP_ANALYSIS = YES;
				CLANG_WARN_STRICT_PROTOTYPES = YES;
				CLANG_WARN_SUSPICIOUS_MOVE = YES;
				CLANG_WARN_UNGUARDED_AVAILABILITY = YES_AGGRESSIVE;
				CLANG_WARN_UNREACHABLE_CODE = YES;
				CLANG_WARN__DUPLICATE_METHOD_MATCH = YES;
				COPY_PHASE_STRIP = NO;
				DEBUG_INFORMATION_FORMAT = dwarf;
				ENABLE_STRICT_OBJC_MSGSEND = YES;
				ENABLE_TESTABILITY = YES;
				GCC_C_LANGUAGE_STANDARD = gnu11;
				GCC_DYNAMIC_NO_PIC = NO;
				GCC_NO_COMMON_BLOCKS = YES;
				GCC_OPTIMIZATION_LEVEL = 0;
				GCC_PREPROCESSOR_DEFINITIONS = (
					"DEBUG=1",
					"$(inherited)",
				);
				GCC_WARN_64_TO_32_BIT_CONVERSION = YES;
				GCC_WARN_ABOUT_RETURN_TYPE = YES_ERROR;
				GCC_WARN_UNDECLARED_SELECTOR = YES;
				GCC_WARN_UNINITIALIZED_AUTOS = YES_AGGRESSIVE;
				GCC_WARN_UNUSED_FUNCTION = YES;
				GCC_WARN_UNUSED_VARIABLE = YES;
				IPHONEOS_DEPLOYMENT_TARGET = 13.2;
				MTL_ENABLE_DEBUG_INFO = INCLUDE_SOURCE;
				MTL_FAST_MATH = YES;
				ONLY_ACTIVE_ARCH = YES;
				SDKROOT = iphoneos;
				SWIFT_ACTIVE_COMPILATION_CONDITIONS = DEBUG;
				SWIFT_OPTIMIZATION_LEVEL = "-Onone";
			};
			name = Debug;
		};
		2D8B676C23D94124005F745C /* Release */ = {
			isa = XCBuildConfiguration;
			buildSettings = {
				ALWAYS_SEARCH_USER_PATHS = NO;
				CLANG_ANALYZER_NONNULL = YES;
				CLANG_ANALYZER_NUMBER_OBJECT_CONVERSION = YES_AGGRESSIVE;
				CLANG_CXX_LANGUAGE_STANDARD = "gnu++14";
				CLANG_CXX_LIBRARY = "libc++";
				CLANG_ENABLE_MODULES = YES;
				CLANG_ENABLE_OBJC_ARC = YES;
				CLANG_ENABLE_OBJC_WEAK = YES;
				CLANG_WARN_BLOCK_CAPTURE_AUTORELEASING = YES;
				CLANG_WARN_BOOL_CONVERSION = YES;
				CLANG_WARN_COMMA = YES;
				CLANG_WARN_CONSTANT_CONVERSION = YES;
				CLANG_WARN_DEPRECATED_OBJC_IMPLEMENTATIONS = YES;
				CLANG_WARN_DIRECT_OBJC_ISA_USAGE = YES_ERROR;
				CLANG_WARN_DOCUMENTATION_COMMENTS = YES;
				CLANG_WARN_EMPTY_BODY = YES;
				CLANG_WARN_ENUM_CONVERSION = YES;
				CLANG_WARN_INFINITE_RECURSION = YES;
				CLANG_WARN_INT_CONVERSION = YES;
				CLANG_WARN_NON_LITERAL_NULL_CONVERSION = YES;
				CLANG_WARN_OBJC_IMPLICIT_RETAIN_SELF = YES;
				CLANG_WARN_OBJC_LITERAL_CONVERSION = YES;
				CLANG_WARN_OBJC_ROOT_CLASS = YES_ERROR;
				CLANG_WARN_RANGE_LOOP_ANALYSIS = YES;
				CLANG_WARN_STRICT_PROTOTYPES = YES;
				CLANG_WARN_SUSPICIOUS_MOVE = YES;
				CLANG_WARN_UNGUARDED_AVAILABILITY = YES_AGGRESSIVE;
				CLANG_WARN_UNREACHABLE_CODE = YES;
				CLANG_WARN__DUPLICATE_METHOD_MATCH = YES;
				COPY_PHASE_STRIP = NO;
				DEBUG_INFORMATION_FORMAT = "dwarf-with-dsym";
				ENABLE_NS_ASSERTIONS = NO;
				ENABLE_STRICT_OBJC_MSGSEND = YES;
				GCC_C_LANGUAGE_STANDARD = gnu11;
				GCC_NO_COMMON_BLOCKS = YES;
				GCC_WARN_64_TO_32_BIT_CONVERSION = YES;
				GCC_WARN_ABOUT_RETURN_TYPE = YES_ERROR;
				GCC_WARN_UNDECLARED_SELECTOR = YES;
				GCC_WARN_UNINITIALIZED_AUTOS = YES_AGGRESSIVE;
				GCC_WARN_UNUSED_FUNCTION = YES;
				GCC_WARN_UNUSED_VARIABLE = YES;
				IPHONEOS_DEPLOYMENT_TARGET = 13.2;
				MTL_ENABLE_DEBUG_INFO = NO;
				MTL_FAST_MATH = YES;
				SDKROOT = iphoneos;
				SWIFT_COMPILATION_MODE = wholemodule;
				SWIFT_OPTIMIZATION_LEVEL = "-O";
				VALIDATE_PRODUCT = YES;
			};
			name = Release;
		};
		2D8B676E23D94124005F745C /* Debug */ = {
			isa = XCBuildConfiguration;
			buildSettings = {
				ASSETCATALOG_COMPILER_APPICON_NAME = AppIcon;
				CODE_SIGN_ENTITLEMENTS = "My Two Stroke/My Two Stroke.entitlements";
				CODE_SIGN_STYLE = Automatic;
				DEVELOPMENT_ASSET_PATHS = "\"My Two Stroke/Preview Content\"";
				DEVELOPMENT_TEAM = KRUABGZX9A;
				ENABLE_PREVIEWS = YES;
				INFOPLIST_FILE = "My Two Stroke/Info.plist";
				LD_RUNPATH_SEARCH_PATHS = (
					"$(inherited)",
					"@executable_path/Frameworks",
				);
				PRODUCT_BUNDLE_IDENTIFIER = "com.craig.My-Two-Stroke";
				PRODUCT_NAME = "$(TARGET_NAME)";
				SWIFT_VERSION = 5.0;
				TARGETED_DEVICE_FAMILY = 1;
			};
			name = Debug;
		};
		2D8B676F23D94124005F745C /* Release */ = {
			isa = XCBuildConfiguration;
			buildSettings = {
				ASSETCATALOG_COMPILER_APPICON_NAME = AppIcon;
				CODE_SIGN_ENTITLEMENTS = "My Two Stroke/My Two Stroke.entitlements";
				CODE_SIGN_STYLE = Automatic;
				DEVELOPMENT_ASSET_PATHS = "\"My Two Stroke/Preview Content\"";
				DEVELOPMENT_TEAM = KRUABGZX9A;
				ENABLE_PREVIEWS = YES;
				INFOPLIST_FILE = "My Two Stroke/Info.plist";
				LD_RUNPATH_SEARCH_PATHS = (
					"$(inherited)",
					"@executable_path/Frameworks",
				);
				PRODUCT_BUNDLE_IDENTIFIER = "com.craig.My-Two-Stroke";
				PRODUCT_NAME = "$(TARGET_NAME)";
				SWIFT_VERSION = 5.0;
				TARGETED_DEVICE_FAMILY = 1;
			};
			name = Release;
		};
/* End XCBuildConfiguration section */

/* Begin XCConfigurationList section */
		2D8B675123D94122005F745C /* Build configuration list for PBXProject "My Two Stroke" */ = {
			isa = XCConfigurationList;
			buildConfigurations = (
				2D8B676B23D94124005F745C /* Debug */,
				2D8B676C23D94124005F745C /* Release */,
			);
			defaultConfigurationIsVisible = 0;
			defaultConfigurationName = Release;
		};
		2D8B676D23D94124005F745C /* Build configuration list for PBXNativeTarget "My Two Stroke" */ = {
			isa = XCConfigurationList;
			buildConfigurations = (
				2D8B676E23D94124005F745C /* Debug */,
				2D8B676F23D94124005F745C /* Release */,
			);
			defaultConfigurationIsVisible = 0;
			defaultConfigurationName = Release;
		};
/* End XCConfigurationList section */

/* Begin XCVersionGroup section */
		2D8B675D23D94122005F745C /* My_Two_Stroke.xcdatamodeld */ = {
			isa = XCVersionGroup;
			children = (
				2D8B675E23D94122005F745C /* My_Two_Stroke.xcdatamodel */,
			);
			currentVersion = 2D8B675E23D94122005F745C /* My_Two_Stroke.xcdatamodel */;
			path = My_Two_Stroke.xcdatamodeld;
			sourceTree = "<group>";
			versionGroupType = wrapper.xcdatamodel;
		};
/* End XCVersionGroup section */
	};
	rootObject = 2D8B674E23D94122005F745C /* Project object */;
}
